{
  "version": "5",
  "specifiers": {
    "jsr:@std/assert@1.0.19": "1.0.19",
    "jsr:@std/internal@^1.0.12": "1.0.14",
    "jsr:@std/path@1.1.4": "1.1.4",
    "npm:@codemirror/lang-javascript@6.2.5": "6.2.5",
    "npm:@codemirror/merge@6.12.2": "6.12.2",
    "npm:@codemirror/state@6.7.1": "6.7.1",
    "npm:@codemirror/view@6.43.6": "6.43.6",
    "npm:@types/react-dom@19.2.3": "19.2.3_@types+react@19.2.17",
    "npm:@types/react@19.2.17": "19.2.17",
    "npm:codemirror@6.0.2": "6.0.2",
    "npm:esbuild-wasm@0.28.1": "0.28.1",
    "npm:react-dom@19.2.7": "19.2.7_react@19.2.7",
    "npm:react@19.2.7": "19.2.7"
  },
  "jsr": {
    "@std/assert@1.0.19": {
      "integrity": "eaada96ee120cb980bc47e040f82814d786fe8162ecc53c91d8df60b8755991e",
      "dependencies": [
        "jsr:@std/internal"
      ]
    },
    "@std/internal@1.0.14": {
      "integrity": "291516b3d4c35024d6ffbc0a9df5bf4c64116e05b50012cf846710152d2ffdf7"
    },
    "@std/path@1.1.4": {
      "integrity": "1d2d43f39efb1b42f0b1882a25486647cb851481862dc7313390b2bb044314b5",
      "dependencies": [
        "jsr:@std/internal"
      ]
    }
  },
  "npm": {
    "@codemirror/autocomplete@6.20.3": {
      "integrity": "sha512-tlosUqb+3BbxCxZdu4tKeRghPFC+QM7q4X5YhKV2eCmPG+1r2F3f4AaSz5sCrFqUtX4Jh20VFTKecl16MgiV9g==",
      "dependencies": [
        "@codemirror/language",
        "@codemirror/state",
        "@codemirror/view",
        "@lezer/common"
      ]
    },
    "@codemirror/commands@6.10.4": {
      "integrity": "sha512-Ryk9y9T0FFVF0cUGhAknveAyUOl/A1qReTFi+qPKtOh2Z9F4AUBz3XOrYD4ZEgZirdugVzHvd/2/Wcwy5OliTg==",
      "dependencies": [
        "@codemirror/language",
        "@codemirror/state",
        "@codemirror/view",
        "@lezer/common"
      ]
    },
    "@codemirror/lang-javascript@6.2.5": {
      "integrity": "sha512-zD4e5mS+50htS7F+TYjBPsiIFGanfVqg4HyUz6WNFikgOPf2BgKlx+TQedI1w6n/IqRBVBbBWmGFdLB/7uxO4A==",
      "dependencies": [
        "@codemirror/autocomplete",
        "@codemirror/language",
        "@codemirror/lint",
        "@codemirror/state",
        "@codemirror/view",
        "@lezer/common",
        "@lezer/javascript"
      ]
    },
    "@codemirror/language@6.12.4": {
      "integrity": "sha512-1q4PaT+o6PbgpkJt4Q8Fv5XJxTy4FUZ4MWETtyiDw3J0Pyr9E2vqcKL+k9wcvjNTIsauxvE7OfmWj3FRPHQ76A==",
      "dependencies": [
        "@codemirror/state",
        "@codemirror/view",
        "@lezer/common",
        "@lezer/highlight",
        "@lezer/lr",
        "style-mod"
      ]
    },
    "@codemirror/lint@6.9.7": {
      "integrity": "sha512-28/+iWLYxKxsvGYhSYL7zaCZqLz5+FFFDq9tVsvGv9kv8RY4fFAchJ5WX9M3YrrRlTIsECjsXPqeNgnSmNP2dg==",
      "dependencies": [
        "@codemirror/state",
        "@codemirror/view",
        "crelt"
      ]
    },
    "@codemirror/merge@6.12.2": {
      "integrity": "sha512-V8JvyAPjHbPupqP7BeMcsdsYCbyPij74jxIbaIJDORI+VZzW44zFmon8bF+oxGWvOKhcRmkiUMXd8MxHr3YA2w==",
      "dependencies": [
        "@codemirror/language",
        "@codemirror/state",
        "@codemirror/view",
        "@lezer/highlight",
        "style-mod"
      ]
    },
    "@codemirror/search@6.7.1": {
      "integrity": "sha512-uMe5UO6PamJtSHrXhhHOzSX3ReWtiJrva6GnPMwSOrZtiExb5X5eExhr2OUZQVvdxPsKpY3Ro2mFbQadpPWmHA==",
      "dependencies": [
        "@codemirror/state",
        "@codemirror/view",
        "crelt"
      ]
    },
    "@codemirror/state@6.7.1": {
      "integrity": "sha512-9QzNDgE4EYDnAHfrTlR2lwiPciiOymLtwKK+8yHQzCc7GXhAP9xdEbEJFy2IWB1j9UGUl9BsgMmTo/ImA02T7A==",
      "dependencies": [
        "@marijn/find-cluster-break"
      ]
    },
    "@codemirror/view@6.43.6": {
      "integrity": "sha512-EVunGSYN1wz1p75WY1s3Xg7t3i8Yol0kGZGizNdX9BUFgMFILYVe8/u6EVpo7Ff5PwbZuILb4QAq7IZoKzIEQA==",
      "dependencies": [
        "@codemirror/state",
        "crelt",
        "style-mod",
        "w3c-keyname"
      ]
    },
    "@lezer/common@1.5.2": {
      "integrity": "sha512-sxQE460fPZyU3sdc8lafxiPwJHBzZRy/udNFynGQky1SePYBdhkBl1kOagA9uT3pxR8K09bOrmTUqA9wb/PjSQ=="
    },
    "@lezer/highlight@1.2.3": {
      "integrity": "sha512-qXdH7UqTvGfdVBINrgKhDsVTJTxactNNxLk7+UMwZhU13lMHaOBlJe9Vqp907ya56Y3+ed2tlqzys7jDkTmW0g==",
      "dependencies": [
        "@lezer/common"
      ]
    },
    "@lezer/javascript@1.5.4": {
      "integrity": "sha512-vvYx3MhWqeZtGPwDStM2dwgljd5smolYD2lR2UyFcHfxbBQebqx8yjmFmxtJ/E6nN6u1D9srOiVWm3Rb4tmcUA==",
      "dependencies": [
        "@lezer/common",
        "@lezer/highlight",
        "@lezer/lr"
      ]
    },
    "@lezer/lr@1.4.10": {
      "integrity": "sha512-rnCpTIBafOx4mRp43xOxDJbFipJm/c0cia/V5TiGlhmMa+wsSdoGmUN3w5Bqrks/09Q/D4tNAmWaT8p6NRi77A==",
      "dependencies": [
        "@lezer/common"
      ]
    },
    "@marijn/find-cluster-break@1.0.3": {
      "integrity": "sha512-FY+MKLBoTsLNJF/eLWaOsXGdz6uh3Iu1axjPf6TUq92IYumcTcXWHoS747JARLkcdlJ/Waiaxc5wQfFO8jC6NA=="
    },
    "@types/react-dom@19.2.3_@types+react@19.2.17": {
      "integrity": "sha512-jp2L/eY6fn+KgVVQAOqYItbF0VY/YApe5Mz2F0aykSO8gx31bYCZyvSeYxCHKvzHG5eZjc+zyaS5BrBWya2+kQ==",
      "dependencies": [
        "@types/react"
      ]
    },
    "@types/react@19.2.17": {
      "integrity": "sha512-MXfmqaVPEVgkBT/aY0aGCkRWWtByiYQXo3xdQ8r5RzuFrPiRn8Gar2tQdXSUQ2GKV3bkXckek89V8wQBY2Q/Aw==",
      "dependencies": [
        "csstype"
      ]
    },
    "codemirror@6.0.2": {
      "integrity": "sha512-VhydHotNW5w1UGK0Qj96BwSk/Zqbp9WbnyK2W/eVMv4QyF41INRGpjUhFJY7/uDNuudSc33a/PKr4iDqRduvHw==",
      "dependencies": [
        "@codemirror/autocomplete",
        "@codemirror/commands",
        "@codemirror/language",
        "@codemirror/lint",
        "@codemirror/search",
        "@codemirror/state",
        "@codemirror/view"
      ]
    },
    "crelt@1.0.7": {
      "integrity": "sha512-aK6BbWfhf4U/wCcLHKPJl/xa6VkVstRaPywWtMKGwuOLc/wZTyQYuoxgvZnNsBvv7Kg3YTBQYYBCggcviQczuA=="
    },
    "csstype@3.2.3": {
      "integrity": "sha512-z1HGKcYy2xA8AGQfwrn0PAy+PB7X/GSj3UVJW9qKyn43xWa+gl5nXmU4qqLMRzWVLFC8KusUX8T/0kCiOYpAIQ=="
    },
    "esbuild-wasm@0.28.1": {
      "integrity": "sha512-p/GD4E8oYRjg3kjdKrnMb0s4PzXgJF42e0MF4H0+ACyK/kIlFRp3e0fzOleIG+wBBm6MM3XQrbpe7soEA+vJIA==",
      "bin": true
    },
    "react-dom@19.2.7_react@19.2.7": {
      "integrity": "sha512-t0BRVXvbiE/o20Hfw669rLbMCDWtYZLvmJigy2f0MxsXF+71pxhR3xOkspmsO8h3ZlNzyibAmtCa3l4lYKk6gQ==",
      "dependencies": [
        "react",
        "scheduler"
      ]
    },
    "react@19.2.7": {
      "integrity": "sha512-HNe9WslTbXmFK8o8cmwgAeJFSBvt1bPdHCVKtaaV+WlAN36mpT4hcRpwbf3fY56ar2oIXzsBpOAiIRHAdY0OlQ=="
    },
    "scheduler@0.27.0": {
      "integrity": "sha512-eNv+WrVbKu1f3vbYJT/xtiF5syA5HPIMtf9IgY/nKg0sWqzAUEvqY/xm7OcZc/qafLx/iO9FgOmeSAp4v5ti/Q=="
    },
    "style-mod@4.1.3": {
      "integrity": "sha512-i/n8VsZydrugj3Iuzll8+x/00GH2vnYsk1eomD8QiRrSAeW6ItbCQDtfXCeJHd0iwiNagqjQkvpvREEPtW3IoQ=="
    },
    "w3c-keyname@2.2.8": {
      "integrity": "sha512-dpojBhNsCNN7T82Tm7k26A6G9ML3NkhDsnw9n/eoxSRlVBB4CEtIQ/KTCLI2Fwf3ataSXRhYFkQi3SlnFwPvPQ=="
    }
  },
  "workspace": {
    "dependencies": [
      "jsr:@std/assert@1.0.19",
      "jsr:@std/path@1.1.4",
      "npm:@codemirror/lang-javascript@6.2.5",
      "npm:@codemirror/merge@6.12.2",
      "npm:@codemirror/state@6.7.1",
      "npm:@codemirror/view@6.43.6",
      "npm:@types/react-dom@19.2.3",
      "npm:@types/react@19.2.17",
      "npm:codemirror@6.0.2",
      "npm:esbuild-wasm@0.28.1",
      "npm:react-dom@19.2.7",
      "npm:react@19.2.7"
    ]
  }
}
